
Microsoft Visual Studio Solution File, Format Version 12.00
# Visual Studio Version 16
VisualStudioVersion = 16.0.31911.196
MinimumVisualStudioVersion = 10.0.40219.1
Project("{FAE04EC0-301F-11D3-BF4B-00C04F79EFBC}") = "iParty.Api", "iParty.Api\iParty.Api.csproj", "{D88BBF79-CC13-43E8-BDC3-42EFDFC7232B}"
EndProject
Project("{FAE04EC0-301F-11D3-BF4B-00C04F79EFBC}") = "iParty.Business", "iParty.Business\iParty.Business.csproj", "{C1A234DA-EF2C-454E-A1F0-B7BAD0D2C456}"
EndProject
Project("{FAE04EC0-301F-11D3-BF4B-00C04F79EFBC}") = "iParty.Data", "iParty.Data\iParty.Data.csproj", "{33E2A2D9-83A4-4260-B4CA-7202D8354CA4}"
EndProject
Global
	GlobalSection(SolutionConfigurationPlatforms) = preSolution
		Debug|Any CPU = Debug|Any CPU
		Release|Any CPU = Release|Any CPU
	EndGlobalSection
	GlobalSection(ProjectConfigurationPlatforms) = postSolution
		{D88BBF79-CC13-43E8-BDC3-42EFDFC7232B}.Debug|Any CPU.ActiveCfg = Debug|Any CPU
		{D88BBF79-CC13-43E8-BDC3-42EFDFC7232B}.Debug|Any CPU.Build.0 = Debug|Any CPU
		{D88BBF79-CC13-43E8-BDC3-42EFDFC7232B}.Release|Any CPU.ActiveCfg = Release|Any CPU
		{D88BBF79-CC13-43E8-BDC3-42EFDFC7232B}.Release|Any CPU.Build.0 = Release|Any CPU
		{C1A234DA-EF2C-454E-A1F0-B7BAD0D2C456}.Debug|Any CPU.ActiveCfg = Debug|Any CPU
		{C1A234DA-EF2C-454E-A1F0-B7BAD0D2C456}.Debug|Any CPU.Build.0 = Debug|Any CPU
		{C1A234DA-EF2C-454E-A1F0-B7BAD0D2C456}.Release|Any CPU.ActiveCfg = Release|Any CPU
		{C1A234DA-EF2C-454E-A1F0-B7BAD0D2C456}.Release|Any CPU.Build.0 = Release|Any CPU
		{33E2A2D9-83A4-4260-B4CA-7202D8354CA4}.Debug|Any CPU.ActiveCfg = Debug|Any CPU
		{33E2A2D9-83A4-4260-B4CA-7202D8354CA4}.Debug|Any CPU.Build.0 = Debug|Any CPU
		{33E2A2D9-83A4-4260-B4CA-7202D8354CA4}.Release|Any CPU.ActiveCfg = Release|Any CPU
		{33E2A2D9-83A4-4260-B4CA-7202D8354CA4}.Release|Any CPU.Build.0 = Release|Any CPU
	EndGlobalSection
	GlobalSection(SolutionProperties) = preSolution
		HideSolutionNode = FALSE
	EndGlobalSection
	GlobalSection(ExtensibilityGlobals) = postSolution
		SolutionGuid = {281F288F-EB36-4AF7-AC77-D9AAB312446E}
	EndGlobalSection
EndGlobal
