
Microsoft Visual Studio Solution File, Format Version 12.00
# Visual Studio Version 17
VisualStudioVersion = 17.0.31912.275
MinimumVisualStudioVersion = 10.0.40219.1
Project("{9A19103F-16F7-4668-BE54-9A1E7A4F7556}") = "iParty.Api", "iParty.Api\iParty.Api.csproj", "{D88BBF79-CC13-43E8-BDC3-42EFDFC7232B}"
EndProject
Project("{9A19103F-16F7-4668-BE54-9A1E7A4F7556}") = "iParty.Business", "iParty.Business\iParty.Business.csproj", "{C1A234DA-EF2C-454E-A1F0-B7BAD0D2C456}"
EndProject
Project("{9A19103F-16F7-4668-BE54-9A1E7A4F7556}") = "iParty.Data", "iParty.Data\iParty.Data.csproj", "{33E2A2D9-83A4-4260-B4CA-7202D8354CA4}"
EndProject
Project("{9A19103F-16F7-4668-BE54-9A1E7A4F7556}") = "iParty.Test", "iParty.Test\iParty.Test.csproj", "{A74EC00F-2A9C-474D-98D4-5100B1AAECCB}"
EndProject
Project("{E53339B2-1760-4266-BCC7-CA923CBCF16C}") = "docker-compose", "docker-compose.dcproj", "{251E3A93-7F12-4436-B266-11BA23D25509}"
EndProject
Global
	GlobalSection(SolutionConfigurationPlatforms) = preSolution
		Debug|Any CPU = Debug|Any CPU
		Release|Any CPU = Release|Any CPU
	EndGlobalSection
	GlobalSection(ProjectConfigurationPlatforms) = postSolution
		{D88BBF79-CC13-43E8-BDC3-42EFDFC7232B}.Debug|Any CPU.ActiveCfg = Debug|Any CPU
		{D88BBF79-CC13-43E8-BDC3-42EFDFC7232B}.Debug|Any CPU.Build.0 = Debug|Any CPU
		{D88BBF79-CC13-43E8-BDC3-42EFDFC7232B}.Release|Any CPU.ActiveCfg = Release|Any CPU
		{D88BBF79-CC13-43E8-BDC3-42EFDFC7232B}.Release|Any CPU.Build.0 = Release|Any CPU
		{C1A234DA-EF2C-454E-A1F0-B7BAD0D2C456}.Debug|Any CPU.ActiveCfg = Debug|Any CPU
		{C1A234DA-EF2C-454E-A1F0-B7BAD0D2C456}.Debug|Any CPU.Build.0 = Debug|Any CPU
		{C1A234DA-EF2C-454E-A1F0-B7BAD0D2C456}.Release|Any CPU.ActiveCfg = Release|Any CPU
		{C1A234DA-EF2C-454E-A1F0-B7BAD0D2C456}.Release|Any CPU.Build.0 = Release|Any CPU
		{33E2A2D9-83A4-4260-B4CA-7202D8354CA4}.Debug|Any CPU.ActiveCfg = Debug|Any CPU
		{33E2A2D9-83A4-4260-B4CA-7202D8354CA4}.Debug|Any CPU.Build.0 = Debug|Any CPU
		{33E2A2D9-83A4-4260-B4CA-7202D8354CA4}.Release|Any CPU.ActiveCfg = Release|Any CPU
		{33E2A2D9-83A4-4260-B4CA-7202D8354CA4}.Release|Any CPU.Build.0 = Release|Any CPU
		{A74EC00F-2A9C-474D-98D4-5100B1AAECCB}.Debug|Any CPU.ActiveCfg = Debug|Any CPU
		{A74EC00F-2A9C-474D-98D4-5100B1AAECCB}.Debug|Any CPU.Build.0 = Debug|Any CPU
		{A74EC00F-2A9C-474D-98D4-5100B1AAECCB}.Release|Any CPU.ActiveCfg = Release|Any CPU
		{A74EC00F-2A9C-474D-98D4-5100B1AAECCB}.Release|Any CPU.Build.0 = Release|Any CPU
		{251E3A93-7F12-4436-B266-11BA23D25509}.Debug|Any CPU.ActiveCfg = Debug|Any CPU
		{251E3A93-7F12-4436-B266-11BA23D25509}.Debug|Any CPU.Build.0 = Debug|Any CPU
		{251E3A93-7F12-4436-B266-11BA23D25509}.Release|Any CPU.ActiveCfg = Release|Any CPU
		{251E3A93-7F12-4436-B266-11BA23D25509}.Release|Any CPU.Build.0 = Release|Any CPU
	EndGlobalSection
	GlobalSection(SolutionProperties) = preSolution
		HideSolutionNode = FALSE
	EndGlobalSection
	GlobalSection(ExtensibilityGlobals) = postSolution
		SolutionGuid = {281F288F-EB36-4AF7-AC77-D9AAB312446E}
	EndGlobalSection
EndGlobal
